
Microsoft Visual Studio Solution File, Format Version 12.00
# Visual Studio 15
VisualStudioVersion = 15.0.27130.2027
MinimumVisualStudioVersion = 10.0.40219.1
Project("{FAE04EC0-301F-11D3-BF4B-00C04F79EFBC}") = "mutiplode3", "mutiplode3\mutiplode3.csproj", "{3EBCF6A2-4BD1-4B50-9C51-7DDB61AD002B}"
EndProject
Global
	GlobalSection(SolutionConfigurationPlatforms) = preSolution
		Debug|Any CPU = Debug|Any CPU
		Release|Any CPU = Release|Any CPU
	EndGlobalSection
	GlobalSection(ProjectConfigurationPlatforms) = postSolution
		{3EBCF6A2-4BD1-4B50-9C51-7DDB61AD002B}.Debug|Any CPU.ActiveCfg = Debug|Any CPU
		{3EBCF6A2-4BD1-4B50-9C51-7DDB61AD002B}.Debug|Any CPU.Build.0 = Debug|Any CPU
		{3EBCF6A2-4BD1-4B50-9C51-7DDB61AD002B}.Release|Any CPU.ActiveCfg = Release|Any CPU
		{3EBCF6A2-4BD1-4B50-9C51-7DDB61AD002B}.Release|Any CPU.Build.0 = Release|Any CPU
	EndGlobalSection
	GlobalSection(SolutionProperties) = preSolution
		HideSolutionNode = FALSE
	EndGlobalSection
	GlobalSection(ExtensibilityGlobals) = postSolution
		SolutionGuid = {6D110AC8-1F85-48FF-A08B-729DA0A4AA8D}
	EndGlobalSection
EndGlobal
